
Microsoft Visual Studio Solution File, Format Version 12.00
# Visual Studio Version 17
VisualStudioVersion = 17.3.32825.248
MinimumVisualStudioVersion = 10.0.40219.1
Project("{9A19103F-16F7-4668-BE54-9A1E7A4F7556}") = "assigment1", "assigment1\assigment1.csproj", "{DE1744CB-8200-4A7F-B93F-428A765400F1}"
EndProject
Project("{9A19103F-16F7-4668-BE54-9A1E7A4F7556}") = "assignment2", "assignment2\assignment2.csproj", "{6BB2D81F-4E0A-46BB-9466-3563534700E7}"
EndProject
Project("{9A19103F-16F7-4668-BE54-9A1E7A4F7556}") = "assignment3", "assignment3\assignment3.csproj", "{D611A2C7-F09E-4933-8296-4B8D2EC7D82D}"
EndProject
Project("{9A19103F-16F7-4668-BE54-9A1E7A4F7556}") = "assignment4", "assignment4\assignment4.csproj", "{2E9806C0-17DF-4484-A4D1-21736B75F04D}"
EndProject
Project("{FAE04EC0-301F-11D3-BF4B-00C04F79EFBC}") = "assignment5", "assignment5\assignment5.csproj", "{01FBBF73-97C1-4BF3-9899-EC40D37557AB}"
EndProject
Global
	GlobalSection(SolutionConfigurationPlatforms) = preSolution
		Debug|Any CPU = Debug|Any CPU
		Release|Any CPU = Release|Any CPU
	EndGlobalSection
	GlobalSection(ProjectConfigurationPlatforms) = postSolution
		{DE1744CB-8200-4A7F-B93F-428A765400F1}.Debug|Any CPU.ActiveCfg = Debug|Any CPU
		{DE1744CB-8200-4A7F-B93F-428A765400F1}.Debug|Any CPU.Build.0 = Debug|Any CPU
		{DE1744CB-8200-4A7F-B93F-428A765400F1}.Release|Any CPU.ActiveCfg = Release|Any CPU
		{DE1744CB-8200-4A7F-B93F-428A765400F1}.Release|Any CPU.Build.0 = Release|Any CPU
		{6BB2D81F-4E0A-46BB-9466-3563534700E7}.Debug|Any CPU.ActiveCfg = Debug|Any CPU
		{6BB2D81F-4E0A-46BB-9466-3563534700E7}.Debug|Any CPU.Build.0 = Debug|Any CPU
		{6BB2D81F-4E0A-46BB-9466-3563534700E7}.Release|Any CPU.ActiveCfg = Release|Any CPU
		{6BB2D81F-4E0A-46BB-9466-3563534700E7}.Release|Any CPU.Build.0 = Release|Any CPU
		{D611A2C7-F09E-4933-8296-4B8D2EC7D82D}.Debug|Any CPU.ActiveCfg = Debug|Any CPU
		{D611A2C7-F09E-4933-8296-4B8D2EC7D82D}.Debug|Any CPU.Build.0 = Debug|Any CPU
		{D611A2C7-F09E-4933-8296-4B8D2EC7D82D}.Release|Any CPU.ActiveCfg = Release|Any CPU
		{D611A2C7-F09E-4933-8296-4B8D2EC7D82D}.Release|Any CPU.Build.0 = Release|Any CPU
		{2E9806C0-17DF-4484-A4D1-21736B75F04D}.Debug|Any CPU.ActiveCfg = Debug|Any CPU
		{2E9806C0-17DF-4484-A4D1-21736B75F04D}.Debug|Any CPU.Build.0 = Debug|Any CPU
		{2E9806C0-17DF-4484-A4D1-21736B75F04D}.Release|Any CPU.ActiveCfg = Release|Any CPU
		{2E9806C0-17DF-4484-A4D1-21736B75F04D}.Release|Any CPU.Build.0 = Release|Any CPU
		{01FBBF73-97C1-4BF3-9899-EC40D37557AB}.Debug|Any CPU.ActiveCfg = Debug|Any CPU
		{01FBBF73-97C1-4BF3-9899-EC40D37557AB}.Debug|Any CPU.Build.0 = Debug|Any CPU
		{01FBBF73-97C1-4BF3-9899-EC40D37557AB}.Release|Any CPU.ActiveCfg = Release|Any CPU
		{01FBBF73-97C1-4BF3-9899-EC40D37557AB}.Release|Any CPU.Build.0 = Release|Any CPU
	EndGlobalSection
	GlobalSection(SolutionProperties) = preSolution
		HideSolutionNode = FALSE
	EndGlobalSection
	GlobalSection(ExtensibilityGlobals) = postSolution
		SolutionGuid = {409734D1-BF2F-43D8-973F-1E082C18DBAC}
	EndGlobalSection
EndGlobal
